
Microsoft Visual Studio Solution File, Format Version 12.00
# Visual Studio 15
Project("{FAE04EC0-301F-11D3-BF4B-00C04F79EFBC}") = "Assembly-CSharp", "Assembly-CSharp.csproj", "{B0E589CA-004E-CB28-F231-6212A669D016}"
EndProject
Project("{FAE04EC0-301F-11D3-BF4B-00C04F79EFBC}") = "Assembly-CSharp-Editor", "Assembly-CSharp-Editor.csproj", "{C007DC0E-2748-FE73-1AFF-819238C8F8CD}"
EndProject
Global
	GlobalSection(SolutionConfigurationPlatforms) = preSolution
		Debug|Any CPU = Debug|Any CPU
		Release|Any CPU = Release|Any CPU
	EndGlobalSection
	GlobalSection(ProjectConfigurationPlatforms) = postSolution
		{B0E589CA-004E-CB28-F231-6212A669D016}.Debug|Any CPU.ActiveCfg = Debug|Any CPU
		{B0E589CA-004E-CB28-F231-6212A669D016}.Debug|Any CPU.Build.0 = Debug|Any CPU
		{B0E589CA-004E-CB28-F231-6212A669D016}.Release|Any CPU.ActiveCfg = Release|Any CPU
		{B0E589CA-004E-CB28-F231-6212A669D016}.Release|Any CPU.Build.0 = Release|Any CPU
		{C007DC0E-2748-FE73-1AFF-819238C8F8CD}.Debug|Any CPU.ActiveCfg = Debug|Any CPU
		{C007DC0E-2748-FE73-1AFF-819238C8F8CD}.Debug|Any CPU.Build.0 = Debug|Any CPU
		{C007DC0E-2748-FE73-1AFF-819238C8F8CD}.Release|Any CPU.ActiveCfg = Release|Any CPU
		{C007DC0E-2748-FE73-1AFF-819238C8F8CD}.Release|Any CPU.Build.0 = Release|Any CPU
	EndGlobalSection
	GlobalSection(SolutionProperties) = preSolution
		HideSolutionNode = FALSE
	EndGlobalSection
EndGlobal
